
Microsoft Visual Studio Solution File, Format Version 12.00
# Visual Studio Version 17
VisualStudioVersion = 17.5.33530.505
MinimumVisualStudioVersion = 10.0.40219.1
Project("{9A19103F-16F7-4668-BE54-9A1E7A4F7556}") = "Entities", "Entities\Entities.csproj", "{8DF9A5E9-ABFC-400D-B024-6919949E2777}"
EndProject
Project("{9A19103F-16F7-4668-BE54-9A1E7A4F7556}") = "DAL", "DAL\DAL.csproj", "{E5D9B3C4-0118-4AAE-B648-627EBD3F841C}"
EndProject
Project("{9A19103F-16F7-4668-BE54-9A1E7A4F7556}") = "BackEnd", "BackEnd\BackEnd.csproj", "{3EEFF157-0FA9-4D45-B1D6-1443A49A99AA}"
EndProject
Project("{FAE04EC0-301F-11D3-BF4B-00C04F79EFBC}") = "FrontEnd", "FrontEnd\FrontEnd.csproj", "{77AF953D-7BBA-4615-9D21-DE5351BA90D8}"
EndProject
Global
	GlobalSection(SolutionConfigurationPlatforms) = preSolution
		Debug|Any CPU = Debug|Any CPU
		Release|Any CPU = Release|Any CPU
	EndGlobalSection
	GlobalSection(ProjectConfigurationPlatforms) = postSolution
		{8DF9A5E9-ABFC-400D-B024-6919949E2777}.Debug|Any CPU.ActiveCfg = Debug|Any CPU
		{8DF9A5E9-ABFC-400D-B024-6919949E2777}.Debug|Any CPU.Build.0 = Debug|Any CPU
		{8DF9A5E9-ABFC-400D-B024-6919949E2777}.Release|Any CPU.ActiveCfg = Release|Any CPU
		{8DF9A5E9-ABFC-400D-B024-6919949E2777}.Release|Any CPU.Build.0 = Release|Any CPU
		{E5D9B3C4-0118-4AAE-B648-627EBD3F841C}.Debug|Any CPU.ActiveCfg = Debug|Any CPU
		{E5D9B3C4-0118-4AAE-B648-627EBD3F841C}.Debug|Any CPU.Build.0 = Debug|Any CPU
		{E5D9B3C4-0118-4AAE-B648-627EBD3F841C}.Release|Any CPU.ActiveCfg = Release|Any CPU
		{E5D9B3C4-0118-4AAE-B648-627EBD3F841C}.Release|Any CPU.Build.0 = Release|Any CPU
		{3EEFF157-0FA9-4D45-B1D6-1443A49A99AA}.Debug|Any CPU.ActiveCfg = Debug|Any CPU
		{3EEFF157-0FA9-4D45-B1D6-1443A49A99AA}.Debug|Any CPU.Build.0 = Debug|Any CPU
		{3EEFF157-0FA9-4D45-B1D6-1443A49A99AA}.Release|Any CPU.ActiveCfg = Release|Any CPU
		{3EEFF157-0FA9-4D45-B1D6-1443A49A99AA}.Release|Any CPU.Build.0 = Release|Any CPU
		{77AF953D-7BBA-4615-9D21-DE5351BA90D8}.Debug|Any CPU.ActiveCfg = Debug|Any CPU
		{77AF953D-7BBA-4615-9D21-DE5351BA90D8}.Debug|Any CPU.Build.0 = Debug|Any CPU
		{77AF953D-7BBA-4615-9D21-DE5351BA90D8}.Release|Any CPU.ActiveCfg = Release|Any CPU
		{77AF953D-7BBA-4615-9D21-DE5351BA90D8}.Release|Any CPU.Build.0 = Release|Any CPU
	EndGlobalSection
	GlobalSection(SolutionProperties) = preSolution
		HideSolutionNode = FALSE
	EndGlobalSection
	GlobalSection(ExtensibilityGlobals) = postSolution
		SolutionGuid = {BBA40220-EEF2-4F61-8906-9E2887E6D694}
	EndGlobalSection
EndGlobal
